{
  "name": "my-og-app",
  "version": "0.1.0",
  "lockfileVersion": 3,
  "requires": true,
  "packages": {
    "": {
      "name": "my-og-app",
      "version": "0.1.0",
      "dependencies": {
        "@vercel/og": "^0.6.1",
        "next": "14.2.3",
        "react": "18.3.0",
        "react-dom": "18.3.0"
      },
      "devDependencies": {
        "@types/node": "^20.11.30",
        "@types/react": "^18.2.37",
        "typescript": "^5.4.5"
      }
    }
  }
}
